
Microsoft Visual Studio Solution File, Format Version 12.00
# Visual Studio Version 17
VisualStudioVersion = 17.14.36221.1 d17.14
MinimumVisualStudioVersion = 10.0.40219.1
Project("{FAE04EC0-301F-11D3-BF4B-00C04F79EFBC}") = "bieda_simsy", "bieda_simsy\bieda_simsy.csproj", "{3A2B38D1-20B5-43AE-89DC-6C9B4190ABB0}"
EndProject
Global
	GlobalSection(SolutionConfigurationPlatforms) = preSolution
		Debug|Any CPU = Debug|Any CPU
		Release|Any CPU = Release|Any CPU
	EndGlobalSection
	GlobalSection(ProjectConfigurationPlatforms) = postSolution
		{3A2B38D1-20B5-43AE-89DC-6C9B4190ABB0}.Debug|Any CPU.ActiveCfg = Debug|Any CPU
		{3A2B38D1-20B5-43AE-89DC-6C9B4190ABB0}.Debug|Any CPU.Build.0 = Debug|Any CPU
		{3A2B38D1-20B5-43AE-89DC-6C9B4190ABB0}.Release|Any CPU.ActiveCfg = Release|Any CPU
		{3A2B38D1-20B5-43AE-89DC-6C9B4190ABB0}.Release|Any CPU.Build.0 = Release|Any CPU
	EndGlobalSection
	GlobalSection(SolutionProperties) = preSolution
		HideSolutionNode = FALSE
	EndGlobalSection
	GlobalSection(ExtensibilityGlobals) = postSolution
		SolutionGuid = {E32078CF-019C-48EF-BEBE-49E6999A52DA}
	EndGlobalSection
EndGlobal
